
Microsoft Visual Studio Solution File, Format Version 12.00
# Visual Studio Version 16
VisualStudioVersion = 16.0.29728.190
MinimumVisualStudioVersion = 10.0.40219.1
Project("{FAE04EC0-301F-11D3-BF4B-00C04F79EFBC}") = "Product.Api", "Product.Api\Product.Api.csproj", "{6FF1AF84-B793-4A85-B061-D85517162BFF}"
EndProject
Project("{FAE04EC0-301F-11D3-BF4B-00C04F79EFBC}") = "User.Api", "User.Api\User.Api.csproj", "{A8DEDB0D-9431-4F52-8A10-CC513F7AB6AD}"
EndProject
Project("{FAE04EC0-301F-11D3-BF4B-00C04F79EFBC}") = "Gateway.Api", "Gateway.Api\Gateway.Api.csproj", "{8C88EEB7-BE38-4E59-9E50-3E01B7DF107A}"
EndProject
Global
	GlobalSection(SolutionConfigurationPlatforms) = preSolution
		Debug|Any CPU = Debug|Any CPU
		Release|Any CPU = Release|Any CPU
	EndGlobalSection
	GlobalSection(ProjectConfigurationPlatforms) = postSolution
		{6FF1AF84-B793-4A85-B061-D85517162BFF}.Debug|Any CPU.ActiveCfg = Debug|Any CPU
		{6FF1AF84-B793-4A85-B061-D85517162BFF}.Debug|Any CPU.Build.0 = Debug|Any CPU
		{6FF1AF84-B793-4A85-B061-D85517162BFF}.Release|Any CPU.ActiveCfg = Release|Any CPU
		{6FF1AF84-B793-4A85-B061-D85517162BFF}.Release|Any CPU.Build.0 = Release|Any CPU
		{A8DEDB0D-9431-4F52-8A10-CC513F7AB6AD}.Debug|Any CPU.ActiveCfg = Debug|Any CPU
		{A8DEDB0D-9431-4F52-8A10-CC513F7AB6AD}.Debug|Any CPU.Build.0 = Debug|Any CPU
		{A8DEDB0D-9431-4F52-8A10-CC513F7AB6AD}.Release|Any CPU.ActiveCfg = Release|Any CPU
		{A8DEDB0D-9431-4F52-8A10-CC513F7AB6AD}.Release|Any CPU.Build.0 = Release|Any CPU
		{8C88EEB7-BE38-4E59-9E50-3E01B7DF107A}.Debug|Any CPU.ActiveCfg = Debug|Any CPU
		{8C88EEB7-BE38-4E59-9E50-3E01B7DF107A}.Debug|Any CPU.Build.0 = Debug|Any CPU
		{8C88EEB7-BE38-4E59-9E50-3E01B7DF107A}.Release|Any CPU.ActiveCfg = Release|Any CPU
		{8C88EEB7-BE38-4E59-9E50-3E01B7DF107A}.Release|Any CPU.Build.0 = Release|Any CPU
	EndGlobalSection
	GlobalSection(SolutionProperties) = preSolution
		HideSolutionNode = FALSE
	EndGlobalSection
	GlobalSection(ExtensibilityGlobals) = postSolution
		SolutionGuid = {A2F85F3A-7F2C-4E2C-92EE-5D20036EC919}
	EndGlobalSection
EndGlobal
